
Microsoft Visual Studio Solution File, Format Version 12.00
# Visual Studio Version 17
VisualStudioVersion = 17.2.32210.308
MinimumVisualStudioVersion = 10.0.40219.1
Project("{FAE04EC0-301F-11D3-BF4B-00C04F79EFBC}") = "HRDlibrary", "HRDlibrary\HRDlibrary.csproj", "{C763E96F-B08D-4312-AC89-418654367DAD}"
EndProject
Global
	GlobalSection(SolutionConfigurationPlatforms) = preSolution
		Debug|Any CPU = Debug|Any CPU
		Release|Any CPU = Release|Any CPU
	EndGlobalSection
	GlobalSection(ProjectConfigurationPlatforms) = postSolution
		{C763E96F-B08D-4312-AC89-418654367DAD}.Debug|Any CPU.ActiveCfg = Debug|Any CPU
		{C763E96F-B08D-4312-AC89-418654367DAD}.Debug|Any CPU.Build.0 = Debug|Any CPU
		{C763E96F-B08D-4312-AC89-418654367DAD}.Release|Any CPU.ActiveCfg = Release|Any CPU
		{C763E96F-B08D-4312-AC89-418654367DAD}.Release|Any CPU.Build.0 = Release|Any CPU
	EndGlobalSection
	GlobalSection(SolutionProperties) = preSolution
		HideSolutionNode = FALSE
	EndGlobalSection
	GlobalSection(ExtensibilityGlobals) = postSolution
		SolutionGuid = {9A5C5F8E-C98B-45DC-9E9A-0FB043473CA4}
	EndGlobalSection
EndGlobal
